
Microsoft Visual Studio Solution File, Format Version 12.00
# Visual Studio Version 16
VisualStudioVersion = 16.0.30330.147
MinimumVisualStudioVersion = 10.0.40219.1
Project("{9A19103F-16F7-4668-BE54-9A1E7A4F7556}") = "ProceedToBuyMicroservice", "ProceedToBuyMicroservice.csproj", "{EF2442E1-970C-4185-AAA4-F68AB3077BE3}"
EndProject
Project("{FAE04EC0-301F-11D3-BF4B-00C04F79EFBC}") = "ProceedToBuyMicroserviceTest", "..\ProceedToBuyMicroserviceTest\ProceedToBuyMicroserviceTest.csproj", "{390037DF-170E-45B1-B220-751163187B1F}"
EndProject
Global
	GlobalSection(SolutionConfigurationPlatforms) = preSolution
		Debug|Any CPU = Debug|Any CPU
		Release|Any CPU = Release|Any CPU
	EndGlobalSection
	GlobalSection(ProjectConfigurationPlatforms) = postSolution
		{EF2442E1-970C-4185-AAA4-F68AB3077BE3}.Debug|Any CPU.ActiveCfg = Debug|Any CPU
		{EF2442E1-970C-4185-AAA4-F68AB3077BE3}.Debug|Any CPU.Build.0 = Debug|Any CPU
		{EF2442E1-970C-4185-AAA4-F68AB3077BE3}.Release|Any CPU.ActiveCfg = Release|Any CPU
		{EF2442E1-970C-4185-AAA4-F68AB3077BE3}.Release|Any CPU.Build.0 = Release|Any CPU
		{390037DF-170E-45B1-B220-751163187B1F}.Debug|Any CPU.ActiveCfg = Debug|Any CPU
		{390037DF-170E-45B1-B220-751163187B1F}.Debug|Any CPU.Build.0 = Debug|Any CPU
		{390037DF-170E-45B1-B220-751163187B1F}.Release|Any CPU.ActiveCfg = Release|Any CPU
		{390037DF-170E-45B1-B220-751163187B1F}.Release|Any CPU.Build.0 = Release|Any CPU
	EndGlobalSection
	GlobalSection(SolutionProperties) = preSolution
		HideSolutionNode = FALSE
	EndGlobalSection
	GlobalSection(ExtensibilityGlobals) = postSolution
		SolutionGuid = {4725338B-E5A0-4D3C-A215-51C8D88B5BD0}
	EndGlobalSection
EndGlobal
